// !$*UTF8*$!
{
	archiveVersion = 1;
	classes = {
	};
	objectVersion = 46;
	objects = {

/* Begin PBXBuildFile section */
		13BCFB971B1CA9D900FCC87C /* main.m in Sources */ = {isa = PBXBuildFile; fileRef = 13BCFB961B1CA9D900FCC87C /* main.m */; };
		13BCFB9A1B1CA9D900FCC87C /* AppDelegate.m in Sources */ = {isa = PBXBuildFile; fileRef = 13BCFB991B1CA9D900FCC87C /* AppDelegate.m */; };
		13BCFB9D1B1CA9D900FCC87C /* ViewController.m in Sources */ = {isa = PBXBuildFile; fileRef = 13BCFB9C1B1CA9D900FCC87C /* ViewController.m */; };
		13BCFBA01B1CA9D900FCC87C /* Main.storyboard in Resources */ = {isa = PBXBuildFile; fileRef = 13BCFB9E1B1CA9D900FCC87C /* Main.storyboard */; };
		13BCFBA21B1CA9D900FCC87C /* Images.xcassets in Resources */ = {isa = PBXBuildFile; fileRef = 13BCFBA11B1CA9D900FCC87C /* Images.xcassets */; };
		13BCFBA51B1CA9D900FCC87C /* LaunchScreen.xib in Resources */ = {isa = PBXBuildFile; fileRef = 13BCFBA31B1CA9D900FCC87C /* LaunchScreen.xib */; };
		13BCFBB11B1CA9D900FCC87C /* WashCarTests.m in Sources */ = {isa = PBXBuildFile; fileRef = 13BCFBB01B1CA9D900FCC87C /* WashCarTests.m */; };
/* End PBXBuildFile section */

/* Begin PBXContainerItemProxy section */
		13BCFBAB1B1CA9D900FCC87C /* PBXContainerItemProxy */ = {
			isa = PBXContainerItemProxy;
			containerPortal = 13BCFB891B1CA9D900FCC87C /* Project object */;
			proxyType = 1;
			remoteGlobalIDString = 13BCFB901B1CA9D900FCC87C;
			remoteInfo = WashCar;
		};
/* End PBXContainerItemProxy section */

/* Begin PBXFileReference section */
		13BCFB911B1CA9D900FCC87C /* WashCar.app */ = {isa = PBXFileReference; explicitFileType = wrapper.application; includeInIndex = 0; path = WashCar.app; sourceTree = BUILT_PRODUCTS_DIR; };
		13BCFB951B1CA9D900FCC87C /* Info.plist */ = {isa = PBXFileReference; lastKnownFileType = text.plist.xml; path = Info.plist; sourceTree = "<group>"; };
		13BCFB961B1CA9D900FCC87C /* main.m */ = {isa = PBXFileReference; lastKnownFileType = sourcecode.c.objc; path = main.m; sourceTree = "<group>"; };
		13BCFB981B1CA9D900FCC87C /* AppDelegate.h */ = {isa = PBXFileReference; lastKnownFileType = sourcecode.c.h; path = AppDelegate.h; sourceTree = "<group>"; };
		13BCFB991B1CA9D900FCC87C /* AppDelegate.m */ = {isa = PBXFileReference; lastKnownFileType = sourcecode.c.objc; path = AppDelegate.m; sourceTree = "<group>"; };
		13BCFB9B1B1CA9D900FCC87C /* ViewController.h */ = {isa = PBXFileReference; lastKnownFileType = sourcecode.c.h; path = ViewController.h; sourceTree = "<group>"; };
		13BCFB9C1B1CA9D900FCC87C /* ViewController.m */ = {isa = PBXFileReference; lastKnownFileType = sourcecode.c.objc; path = ViewController.m; sourceTree = "<group>"; };
		13BCFB9F1B1CA9D900FCC87C /* Base */ = {isa = PBXFileReference; lastKnownFileType = file.storyboard; name = Base; path = Base.lproj/Main.storyboard; sourceTree = "<group>"; };
		13BCFBA11B1CA9D900FCC87C /* Images.xcassets */ = {isa = PBXFileReference; lastKnownFileType = folder.assetcatalog; path = Images.xcassets; sourceTree = "<group>"; };
		13BCFBA41B1CA9D900FCC87C /* Base */ = {isa = PBXFileReference; lastKnownFileType = file.xib; name = Base; path = Base.lproj/LaunchScreen.xib; sourceTree = "<group>"; };
		13BCFBAA1B1CA9D900FCC87C /* WashCarTests.xctest */ = {isa = PBXFileReference; explicitFileType = wrapper.cfbundle; includeInIndex = 0; path = WashCarTests.xctest; sourceTree = BUILT_PRODUCTS_DIR; };
		13BCFBAF1B1CA9D900FCC87C /* Info.plist */ = {isa = PBXFileReference; lastKnownFileType = text.plist.xml; path = Info.plist; sourceTree = "<group>"; };
		13BCFBB01B1CA9D900FCC87C /* WashCarTests.m */ = {isa = PBXFileReference; lastKnownFileType = sourcecode.c.objc; path = WashCarTests.m; sourceTree = "<group>"; };
/* End PBXFileReference section */

/* Begin PBXFrameworksBuildPhase section */
		13BCFB8E1B1CA9D900FCC87C /* Frameworks */ = {
			isa = PBXFrameworksBuildPhase;
			buildActionMask = 2147483647;
			files = (
			);
			runOnlyForDeploymentPostprocessing = 0;
		};
		13BCFBA71B1CA9D900FCC87C /* Frameworks */ = {
			isa = PBXFrameworksBuildPhase;
			buildActionMask = 2147483647;
			files = (
			);
			runOnlyForDeploymentPostprocessing = 0;
		};
/* End PBXFrameworksBuildPhase section */

/* Begin PBXGroup section */
		13BCFB881B1CA9D900FCC87C = {
			isa = PBXGroup;
			children = (
				13BCFB931B1CA9D900FCC87C /* WashCar */,
				13BCFBAD1B1CA9D900FCC87C /* WashCarTests */,
				13BCFB921B1CA9D900FCC87C /* Products */,
			);
			sourceTree = "<group>";
		};
		13BCFB921B1CA9D900FCC87C /* Products */ = {
			isa = PBXGroup;
			children = (
				13BCFB911B1CA9D900FCC87C /* WashCar.app */,
				13BCFBAA1B1CA9D900FCC87C /* WashCarTests.xctest */,
			);
			name = Products;
			sourceTree = "<group>";
		};
		13BCFB931B1CA9D900FCC87C /* WashCar */ = {
			isa = PBXGroup;
			children = (
				13BCFB981B1CA9D900FCC87C /* AppDelegate.h */,
				13BCFB991B1CA9D900FCC87C /* AppDelegate.m */,
				13BCFB9B1B1CA9D900FCC87C /* ViewController.h */,
				13BCFB9C1B1CA9D900FCC87C /* ViewController.m */,
				13BCFB9E1B1CA9D900FCC87C /* Main.storyboard */,
				13BCFBA11B1CA9D900FCC87C /* Images.xcassets */,
				13BCFBA31B1CA9D900FCC87C /* LaunchScreen.xib */,
				13BCFB941B1CA9D900FCC87C /* Supporting Files */,
			);
			path = WashCar;
			sourceTree = "<group>";
		};
		13BCFB941B1CA9D900FCC87C /* Supporting Files */ = {
			isa = PBXGroup;
			children = (
				13BCFB951B1CA9D900FCC87C /* Info.plist */,
				13BCFB961B1CA9D900FCC87C /* main.m */,
			);
			name = "Supporting Files";
			sourceTree = "<group>";
		};
		13BCFBAD1B1CA9D900FCC87C /* WashCarTests */ = {
			isa = PBXGroup;
			children = (
				13BCFBB01B1CA9D900FCC87C /* WashCarTests.m */,
				13BCFBAE1B1CA9D900FCC87C /* Supporting Files */,
			);
			path = WashCarTests;
			sourceTree = "<group>";
		};
		13BCFBAE1B1CA9D900FCC87C /* Supporting Files */ = {
			isa = PBXGroup;
			children = (
				13BCFBAF1B1CA9D900FCC87C /* Info.plist */,
			);
			name = "Supporting Files";
			sourceTree = "<group>";
		};
/* End PBXGroup section */

/* Begin PBXNativeTarget section */
		13BCFB901B1CA9D900FCC87C /* WashCar */ = {
			isa = PBXNativeTarget;
			buildConfigurationList = 13BCFBB41B1CA9D900FCC87C /* Build configuration list for PBXNativeTarget "WashCar" */;
			buildPhases = (
				13BCFB8D1B1CA9D900FCC87C /* Sources */,
				13BCFB8E1B1CA9D900FCC87C /* Frameworks */,
				13BCFB8F1B1CA9D900FCC87C /* Resources */,
			);
			buildRules = (
			);
			dependencies = (
			);
			name = WashCar;
			productName = WashCar;
			productReference = 13BCFB911B1CA9D900FCC87C /* WashCar.app */;
			productType = "com.apple.product-type.application";
		};
		13BCFBA91B1CA9D900FCC87C /* WashCarTests */ = {
			isa = PBXNativeTarget;
			buildConfigurationList = 13BCFBB71B1CA9D900FCC87C /* Build configuration list for PBXNativeTarget "WashCarTests" */;
			buildPhases = (
				13BCFBA61B1CA9D900FCC87C /* Sources */,
				13BCFBA71B1CA9D900FCC87C /* Frameworks */,
				13BCFBA81B1CA9D900FCC87C /* Resources */,
			);
			buildRules = (
			);
			dependencies = (
				13BCFBAC1B1CA9D900FCC87C /* PBXTargetDependency */,
			);
			name = WashCarTests;
			productName = WashCarTests;
			productReference = 13BCFBAA1B1CA9D900FCC87C /* WashCarTests.xctest */;
			productType = "com.apple.product-type.bundle.unit-test";
		};
/* End PBXNativeTarget section */

/* Begin PBXProject section */
		13BCFB891B1CA9D900FCC87C /* Project object */ = {
			isa = PBXProject;
			attributes = {
				LastUpgradeCheck = 0630;
				ORGANIZATIONNAME = fisland;
				TargetAttributes = {
					13BCFB901B1CA9D900FCC87C = {
						CreatedOnToolsVersion = 6.3.2;
					};
					13BCFBA91B1CA9D900FCC87C = {
						CreatedOnToolsVersion = 6.3.2;
						TestTargetID = 13BCFB901B1CA9D900FCC87C;
					};
				};
			};
			buildConfigurationList = 13BCFB8C1B1CA9D900FCC87C /* Build configuration list for PBXProject "WashCar" */;
			compatibilityVersion = "Xcode 3.2";
			developmentRegion = English;
			hasScannedForEncodings = 0;
			knownRegions = (
				en,
				Base,
			);
			mainGroup = 13BCFB881B1CA9D900FCC87C;
			productRefGroup = 13BCFB921B1CA9D900FCC87C /* Products */;
			projectDirPath = "";
			projectRoot = "";
			targets = (
				13BCFB901B1CA9D900FCC87C /* WashCar */,
				13BCFBA91B1CA9D900FCC87C /* WashCarTests */,
			);
		};
/* End PBXProject section */

/* Begin PBXResourcesBuildPhase section */
		13BCFB8F1B1CA9D900FCC87C /* Resources */ = {
			isa = PBXResourcesBuildPhase;
			buildActionMask = 2147483647;
			files = (
				13BCFBA01B1CA9D900FCC87C /* Main.storyboard in Resources */,
				13BCFBA51B1CA9D900FCC87C /* LaunchScreen.xib in Resources */,
				13BCFBA21B1CA9D900FCC87C /* Images.xcassets in Resources */,
			);
			runOnlyForDeploymentPostprocessing = 0;
		};
		13BCFBA81B1CA9D900FCC87C /* Resources */ = {
			isa = PBXResourcesBuildPhase;
			buildActionMask = 2147483647;
			files = (
			);
			runOnlyForDeploymentPostprocessing = 0;
		};
/* End PBXResourcesBuildPhase section */

/* Begin PBXSourcesBuildPhase section */
		13BCFB8D1B1CA9D900FCC87C /* Sources */ = {
			isa = PBXSourcesBuildPhase;
			buildActionMask = 2147483647;
			files = (
				13BCFB9D1B1CA9D900FCC87C /* ViewController.m in Sources */,
				13BCFB9A1B1CA9D900FCC87C /* AppDelegate.m in Sources */,
				13BCFB971B1CA9D900FCC87C /* main.m in Sources */,
			);
			runOnlyForDeploymentPostprocessing = 0;
		};
		13BCFBA61B1CA9D900FCC87C /* Sources */ = {
			isa = PBXSourcesBuildPhase;
			buildActionMask = 2147483647;
			files = (
				13BCFBB11B1CA9D900FCC87C /* WashCarTests.m in Sources */,
			);
			runOnlyForDeploymentPostprocessing = 0;
		};
/* End PBXSourcesBuildPhase section */

/* Begin PBXTargetDependency section */
		13BCFBAC1B1CA9D900FCC87C /* PBXTargetDependency */ = {
			isa = PBXTargetDependency;
			target = 13BCFB901B1CA9D900FCC87C /* WashCar */;
			targetProxy = 13BCFBAB1B1CA9D900FCC87C /* PBXContainerItemProxy */;
		};
/* End PBXTargetDependency section */

/* Begin PBXVariantGroup section */
		13BCFB9E1B1CA9D900FCC87C /* Main.storyboard */ = {
			isa = PBXVariantGroup;
			children = (
				13BCFB9F1B1CA9D900FCC87C /* Base */,
			);
			name = Main.storyboard;
			sourceTree = "<group>";
		};
		13BCFBA31B1CA9D900FCC87C /* LaunchScreen.xib */ = {
			isa = PBXVariantGroup;
			children = (
				13BCFBA41B1CA9D900FCC87C /* Base */,
			);
			name = LaunchScreen.xib;
			sourceTree = "<group>";
		};
/* End PBXVariantGroup section */

/* Begin XCBuildConfiguration section */
		13BCFBB21B1CA9D900FCC87C /* Debug */ = {
			isa = XCBuildConfiguration;
			buildSettings = {
				ALWAYS_SEARCH_USER_PATHS = NO;
				CLANG_CXX_LANGUAGE_STANDARD = "gnu++0x";
				CLANG_CXX_LIBRARY = "libc++";
				CLANG_ENABLE_MODULES = YES;
				CLANG_ENABLE_OBJC_ARC = YES;
				CLANG_WARN_BOOL_CONVERSION = YES;
				CLANG_WARN_CONSTANT_CONVERSION = YES;
				CLANG_WARN_DIRECT_OBJC_ISA_USAGE = YES_ERROR;
				CLANG_WARN_EMPTY_BODY = YES;
				CLANG_WARN_ENUM_CONVERSION = YES;
				CLANG_WARN_INT_CONVERSION = YES;
				CLANG_WARN_OBJC_ROOT_CLASS = YES_ERROR;
				CLANG_WARN_UNREACHABLE_CODE = YES;
				CLANG_WARN__DUPLICATE_METHOD_MATCH = YES;
				"CODE_SIGN_IDENTITY[sdk=iphoneos*]" = "iPhone Developer";
				COPY_PHASE_STRIP = NO;
				DEBUG_INFORMATION_FORMAT = "dwarf-with-dsym";
				ENABLE_STRICT_OBJC_MSGSEND = YES;
				GCC_C_LANGUAGE_STANDARD = gnu99;
				GCC_DYNAMIC_NO_PIC = NO;
				GCC_NO_COMMON_BLOCKS = YES;
				GCC_OPTIMIZATION_LEVEL = 0;
				GCC_PREPROCESSOR_DEFINITIONS = (
					"DEBUG=1",
					"$(inherited)",
				);
				GCC_SYMBOLS_PRIVATE_EXTERN = NO;
				GCC_WARN_64_TO_32_BIT_CONVERSION = YES;
				GCC_WARN_ABOUT_RETURN_TYPE = YES_ERROR;
				GCC_WARN_UNDECLARED_SELECTOR = YES;
				GCC_WARN_UNINITIALIZED_AUTOS = YES_AGGRESSIVE;
				GCC_WARN_UNUSED_FUNCTION = YES;
				GCC_WARN_UNUSED_VARIABLE = YES;
				IPHONEOS_DEPLOYMENT_TARGET = 8.3;
				MTL_ENABLE_DEBUG_INFO = YES;
				ONLY_ACTIVE_ARCH = YES;
				SDKROOT = iphoneos;
				TARGETED_DEVICE_FAMILY = "1,2";
			};
			name = Debug;
		};
		13BCFBB31B1CA9D900FCC87C /* Release */ = {
			isa = XCBuildConfiguration;
			buildSettings = {
				ALWAYS_SEARCH_USER_PATHS = NO;
				CLANG_CXX_LANGUAGE_STANDARD = "gnu++0x";
				CLANG_CXX_LIBRARY = "libc++";
				CLANG_ENABLE_MODULES = YES;
				CLANG_ENABLE_OBJC_ARC = YES;
				CLANG_WARN_BOOL_CONVERSION = YES;
				CLANG_WARN_CONSTANT_CONVERSION = YES;
				CLANG_WARN_DIRECT_OBJC_ISA_USAGE = YES_ERROR;
				CLANG_WARN_EMPTY_BODY = YES;
				CLANG_WARN_ENUM_CONVERSION = YES;
				CLANG_WARN_INT_CONVERSION = YES;
				CLANG_WARN_OBJC_ROOT_CLASS = YES_ERROR;
				CLANG_WARN_UNREACHABLE_CODE = YES;
				CLANG_WARN__DUPLICATE_METHOD_MATCH = YES;
				"CODE_SIGN_IDENTITY[sdk=iphoneos*]" = "iPhone Developer";
				COPY_PHASE_STRIP = NO;
				DEBUG_INFORMATION_FORMAT = "dwarf-with-dsym";
				ENABLE_NS_ASSERTIONS = NO;
				ENABLE_STRICT_OBJC_MSGSEND = YES;
				GCC_C_LANGUAGE_STANDARD = gnu99;
				GCC_NO_COMMON_BLOCKS = YES;
				GCC_WARN_64_TO_32_BIT_CONVERSION = YES;
				GCC_WARN_ABOUT_RETURN_TYPE = YES_ERROR;
				GCC_WARN_UNDECLARED_SELECTOR = YES;
				GCC_WARN_UNINITIALIZED_AUTOS = YES_AGGRESSIVE;
				GCC_WARN_UNUSED_FUNCTION = YES;
				GCC_WARN_UNUSED_VARIABLE = YES;
				IPHONEOS_DEPLOYMENT_TARGET = 8.3;
				MTL_ENABLE_DEBUG_INFO = NO;
				SDKROOT = iphoneos;
				TARGETED_DEVICE_FAMILY = "1,2";
				VALIDATE_PRODUCT = YES;
			};
			name = Release;
		};
		13BCFBB51B1CA9D900FCC87C /* Debug */ = {
			isa = XCBuildConfiguration;
			buildSettings = {
				ASSETCATALOG_COMPILER_APPICON_NAME = AppIcon;
				INFOPLIST_FILE = WashCar/Info.plist;
				LD_RUNPATH_SEARCH_PATHS = "$(inherited) @executable_path/Frameworks";
				PRODUCT_NAME = "$(TARGET_NAME)";
			};
			name = Debug;
		};
		13BCFBB61B1CA9D900FCC87C /* Release */ = {
			isa = XCBuildConfiguration;
			buildSettings = {
				ASSETCATALOG_COMPILER_APPICON_NAME = AppIcon;
				INFOPLIST_FILE = WashCar/Info.plist;
				LD_RUNPATH_SEARCH_PATHS = "$(inherited) @executable_path/Frameworks";
				PRODUCT_NAME = "$(TARGET_NAME)";
			};
			name = Release;
		};
		13BCFBB81B1CA9D900FCC87C /* Debug */ = {
			isa = XCBuildConfiguration;
			buildSettings = {
				BUNDLE_LOADER = "$(TEST_HOST)";
				FRAMEWORK_SEARCH_PATHS = (
					"$(SDKROOT)/Developer/Library/Frameworks",
					"$(inherited)",
				);
				GCC_PREPROCESSOR_DEFINITIONS = (
					"DEBUG=1",
					"$(inherited)",
				);
				INFOPLIST_FILE = WashCarTests/Info.plist;
				LD_RUNPATH_SEARCH_PATHS = "$(inherited) @executable_path/Frameworks @loader_path/Frameworks";
				PRODUCT_NAME = "$(TARGET_NAME)";
				TEST_HOST = "$(BUILT_PRODUCTS_DIR)/WashCar.app/WashCar";
			};
			name = Debug;
		};
		13BCFBB91B1CA9D900FCC87C /* Release */ = {
			isa = XCBuildConfiguration;
			buildSettings = {
				BUNDLE_LOADER = "$(TEST_HOST)";
				FRAMEWORK_SEARCH_PATHS = (
					"$(SDKROOT)/Developer/Library/Frameworks",
					"$(inherited)",
				);
				INFOPLIST_FILE = WashCarTests/Info.plist;
				LD_RUNPATH_SEARCH_PATHS = "$(inherited) @executable_path/Frameworks @loader_path/Frameworks";
				PRODUCT_NAME = "$(TARGET_NAME)";
				TEST_HOST = "$(BUILT_PRODUCTS_DIR)/WashCar.app/WashCar";
			};
			name = Release;
		};
/* End XCBuildConfiguration section */

/* Begin XCConfigurationList section */
		13BCFB8C1B1CA9D900FCC87C /* Build configuration list for PBXProject "WashCar" */ = {
			isa = XCConfigurationList;
			buildConfigurations = (
				13BCFBB21B1CA9D900FCC87C /* Debug */,
				13BCFBB31B1CA9D900FCC87C /* Release */,
			);
			defaultConfigurationIsVisible = 0;
			defaultConfigurationName = Release;
		};
		13BCFBB41B1CA9D900FCC87C /* Build configuration list for PBXNativeTarget "WashCar" */ = {
			isa = XCConfigurationList;
			buildConfigurations = (
				13BCFBB51B1CA9D900FCC87C /* Debug */,
				13BCFBB61B1CA9D900FCC87C /* Release */,
			);
			defaultConfigurationIsVisible = 0;
		};
		13BCFBB71B1CA9D900FCC87C /* Build configuration list for PBXNativeTarget "WashCarTests" */ = {
			isa = XCConfigurationList;
			buildConfigurations = (
				13BCFBB81B1CA9D900FCC87C /* Debug */,
				13BCFBB91B1CA9D900FCC87C /* Release */,
			);
			defaultConfigurationIsVisible = 0;
		};
/* End XCConfigurationList section */
	};
	rootObject = 13BCFB891B1CA9D900FCC87C /* Project object */;
}
